{
  "lockfileVersion": 1,
  "configVersion": 1,
  "workspaces": {
    "": {
      "name": "prettier-plugin-organize-imports",
      "devDependencies": {
        "@types/bun": "1.4.0",
        "@types/node": "24.5.2",
        "bunset": "^1.0.14",
        "prettier": "3.9.6",
        "typescript": "next",
      },
      "peerDependencies": {
        "prettier": ">=3.9.6",
        "typescript": ">=7.1.0-dev",
      },
    },
  },
  "packages": {
    "@types/bun": ["@types/bun@1.4.0", "", { "dependencies": { "bun-types": "1.4.0" } }, "sha512-K+lZULY23vRgK/CfTjFIV+tyifaNdSMlPh9j+6mQ/cLfpOznLyAuzgV/JQysyECpkBQLVMSyvjlr2fBUSA9wFQ=="],

    "@types/node": ["@types/node@24.5.2", "", { "dependencies": { "undici-types": "~7.12.0" } }, "sha512-FYxk1I7wPv3K2XBaoyH2cTnocQEu8AOZ60hPbsyukMPLv5/5qr7V1i8PLHdl6Zf87I+xZXFvPCXYjiTFq+YSDQ=="],

    "@typescript/typescript-darwin-arm64": ["@typescript/typescript-darwin-arm64@7.1.0-dev.20260901.1", "", { "os": "darwin", "cpu": "arm64" }, "sha512-2vhjvcF8hshvIT4dPN8bfA6KI81CsZPpMvA0YrCkGan42n46DSIz0T2Jp/hSv4CdHoihhIYViTx0gR8a/CGhQQ=="],

    "@typescript/typescript-darwin-x64": ["@typescript/typescript-darwin-x64@7.1.0-dev.20260901.1", "", { "os": "darwin", "cpu": "x64" }, "sha512-UhzELABon1ezC9+RsOIioZL3ztx8se+9MYOBUGmo2UqeNVMTPvGuhbtZ3RdJ3idrwpDsavRc1tygCStnnxg/jg=="],

    "@typescript/typescript-linux-arm": ["@typescript/typescript-linux-arm@7.1.0-dev.20260901.1", "", { "os": "linux", "cpu": "arm" }, "sha512-WZt0gZLqSkqqSfnr0mOiqF7fqjy+J3JSj5nHRugvBTG2lseV73RppGfjwOl+RtEy8zRb2KpKbMr37OPNvhplEQ=="],

    "@typescript/typescript-linux-arm64": ["@typescript/typescript-linux-arm64@7.1.0-dev.20260901.1", "", { "os": "linux", "cpu": "arm64" }, "sha512-BQa5kgwYdwWmtm3UyWLmHedC6V0UMHHwogAy+IettGBpimKhBoyeUF02cgGI7ITLv39JIy+NOfrwwN1JX3rTAA=="],

    "@typescript/typescript-linux-x64": ["@typescript/typescript-linux-x64@7.1.0-dev.20260901.1", "", { "os": "linux", "cpu": "x64" }, "sha512-0ObxW8yMFlfhVuUcV0A4pBq1IHf9iQgoKUkukTaxCMJDrlYSfzYKSzBzFjFSyh4t3Ctf9+VGp2IryntamYtUsw=="],

    "@typescript/typescript-win32-arm64": ["@typescript/typescript-win32-arm64@7.1.0-dev.20260901.1", "", { "os": "win32", "cpu": "arm64" }, "sha512-8MKD/h5KE1niyFCQNrNzm18vtUL3zMbIuRj0tycC0FJZGVJUqC+r0t3rUbW0udYADr/235Lz3COB0tcCQ3SW5Q=="],

    "@typescript/typescript-win32-x64": ["@typescript/typescript-win32-x64@7.1.0-dev.20260901.1", "", { "os": "win32", "cpu": "x64" }, "sha512-D0mY2AZd20cLR3FPLRWcivt2mu1qJc9a7LfO8JRcX97fo3CCHHMDqu1Ez5ffycoZzpSk48OZIwxMPALMLa8Iiw=="],

    "bun-types": ["bun-types@1.4.0", "", { "dependencies": { "@types/node": "*" } }, "sha512-iIKw23BspnQQYd3prITOBxeUsxBHnwzX6YJfGMuNOZzeNcMmVqzIIVGRm1l69ogaPQmb4wB6BN8mA5bE9YuC5Q=="],

    "bunset": ["bunset@1.0.14", "", { "bin": { "bunset": "src/index.ts" } }, "sha512-xGnK7kWDbmrzQsi+JrfzljKOjn5yckCu38+/WIbxUfF2orEfUtXLeypudherPxcfwcTkPfJMZlYigGaCuHHWHw=="],

    "prettier": ["prettier@3.9.6", "", { "bin": { "prettier": "bin/prettier.cjs" } }, "sha512-OpN0zzVdiaiAhxpuuj5efpIS4sY9j7bY6uR5mnj5yPzGkdkjNKSJeUThPb60Jw29QuAZgA4o+/iB49kFiaBX6g=="],

    "typescript": ["typescript@7.1.0-dev.20260901.1", "", { "optionalDependencies": { "@typescript/typescript-darwin-arm64": "7.1.0-dev.20260901.1", "@typescript/typescript-darwin-x64": "7.1.0-dev.20260901.1", "@typescript/typescript-linux-arm": "7.1.0-dev.20260901.1", "@typescript/typescript-linux-arm64": "7.1.0-dev.20260901.1", "@typescript/typescript-linux-x64": "7.1.0-dev.20260901.1", "@typescript/typescript-win32-arm64": "7.1.0-dev.20260901.1", "@typescript/typescript-win32-x64": "7.1.0-dev.20260901.1" }, "bin": { "tsc": "bin/tsc" } }, "sha512-EdwHzF3udir04ubeFHOL05NbldTcukHk6v+LWHcX8VU6xy564y9n9JY/2swf4YMbWFt3rptVCGnQSX9bxjc+vQ=="],

    "undici-types": ["undici-types@7.12.0", "", {}, "sha512-goOacqME2GYyOZZfb5Lgtu+1IDmAlAEu5xnD3+xTzS10hT0vzpf0SPjkXwAw9Jm+4n/mQGDP3LO8CPbYROeBfQ=="],
  }
}
